<?xml version="1.0" encoding="utf-8"?>
<Project ToolsVersion="4.0" xmlns="http://schemas.microsoft.com/developer/msbuild/2003">
  <ItemGroup>
    <Filter Include="Core">
      <UniqueIdentifier>{2EB4837C-1AEB-840D-C3D7-6A10AFED000F}</UniqueIdentifier>
    </Filter>
    <Filter Include="Events">
      <UniqueIdentifier>{3A8963B1-262B-8E87-0FE6-A1DBFB2615D8}</UniqueIdentifier>
    </Filter>
    <Filter Include="Platform">
      <UniqueIdentifier>{2AC788B4-1694-E3BF-3FAD-D1672BD9184E}</UniqueIdentifier>
    </Filter>
    <Filter Include="Platform\Windows">
      <UniqueIdentifier>{64FBD71A-50F4-F66C-7926-DCF1657ED678}</UniqueIdentifier>
    </Filter>
  </ItemGroup>
  <ItemGroup>
    <ClInclude Include="src\Core\Application.h">
      <Filter>Core</Filter>
    </ClInclude>
    <ClInclude Include="src\Core\Core.h">
      <Filter>Core</Filter>
    </ClInclude>
    <ClInclude Include="src\Core\EntryPoint.h">
      <Filter>Core</Filter>
    </ClInclude>
    <ClInclude Include="src\Core\Layer.h">
      <Filter>Core</Filter>
    </ClInclude>
    <ClInclude Include="src\Core\LayerStack.h">
      <Filter>Core</Filter>
    </ClInclude>
    <ClInclude Include="src\Core\Log.h">
      <Filter>Core</Filter>
    </ClInclude>
    <ClInclude Include="src\Core\Window.h">
      <Filter>Core</Filter>
    </ClInclude>
    <ClInclude Include="src\Engine.h" />
    <ClInclude Include="src\Engine_pch.h" />
    <ClInclude Include="src\Events\ApplicationEvent.h">
      <Filter>Events</Filter>
    </ClInclude>
    <ClInclude Include="src\Events\Event.h">
      <Filter>Events</Filter>
    </ClInclude>
    <ClInclude Include="src\Events\KeyEvent.h">
      <Filter>Events</Filter>
    </ClInclude>
    <ClInclude Include="src\Events\MouseEvent.h">
      <Filter>Events</Filter>
    </ClInclude>
    <ClInclude Include="src\Platform\Windows\Window.h">
      <Filter>Platform\Windows</Filter>
    </ClInclude>
    <ClInclude Include="src\Platform\GLFW\imgui_impl_glfw.h" />
    <ClInclude Include="src\Platform\OpenGL\imgui_impl_opengl3.h" />
    <ClInclude Include="src\Platform\OpenGL\imgui_impl_opengl3_loader.h" />
    <ClInclude Include="src\Layers\ImGuiLayer.h" />
    <ClInclude Include="Object.h" />
    <ClInclude Include="UID.h" />
    <ClInclude Include="src\Input\InputManager.h" />
    <ClInclude Include="src\Core\Math\Math.h" />
    <ClInclude Include="src\Core\Math\Matrix3.h" />
    <ClInclude Include="src\Core\Math\Matrix4.h" />
    <ClInclude Include="src\Core\Math\Quaternion.h" />
    <ClInclude Include="src\Core\Math\Vector2.h" />
    <ClInclude Include="src\Core\Math\Vector3.h" />
    <ClInclude Include="src\Core\Math\Vector4.h" />
    <ClInclude Include="src\Core\Geometry\Plane.h" />
    <ClInclude Include="src\Core\Geometry\Ray.h" />
    <ClInclude Include="src\ECS\Components\Transform.h" />
    <ClInclude Include="src\Core\DebugDraw.h" />
    <ClInclude Include="src\ECS\Component%27.h" />
    <ClInclude Include="src\ECS\Entity%27.h" />
    <ClInclude Include="src\ECS\Primitive.h" />
    <ClInclude Include="src\ECS\Transform.h" />
    <ClInclude Include="src\ECS\Component.h" />
    <ClInclude Include="src\ECS\Entity.h" />
    <ClInclude Include="..\..\..\..\..\Downloads\Isetta-Engine-master\Isetta-Engine-master\Isetta\IsettaEngine\Scene\LevelManager.h" />
    <ClInclude Include="..\..\..\..\..\Downloads\Isetta-Engine-master\Isetta-Engine-master\Isetta\IsettaEngine\Scene\Level.h" />
    <ClInclude Include="src\Level\Level.h" />
    <ClInclude Include="src\Level\LevelManager.h" />
    <ClInclude Include="src\Core\Config\Config.h" />
    <ClInclude Include="src\Core\Config\CVar.h" />
    <ClInclude Include="src\Core\Config\CVarRegistry.h" />
    <ClInclude Include="src\Core\Config\ICVar.h" />
  </ItemGroup>
  <ItemGroup>
    <ClCompile Include="src\Core\Application.cpp">
      <Filter>Core</Filter>
    </ClCompile>
    <ClCompile Include="src\Core\Layer.cpp">
      <Filter>Core</Filter>
    </ClCompile>
    <ClCompile Include="src\Core\LayerStack.cpp">
      <Filter>Core</Filter>
    </ClCompile>
    <ClCompile Include="src\Core\Log.cpp">
      <Filter>Core</Filter>
    </ClCompile>
    <ClCompile Include="src\Engine_pch.cpp" />
    <ClCompile Include="src\Platform\Windows\Window.cpp">
      <Filter>Platform\Windows</Filter>
    </ClCompile>
    <ClCompile Include="src\Platform\GLFW\imgui_impl_glfw.cpp" />
    <ClCompile Include="src\Platform\OpenGL\imgui_impl_opengl3.cpp" />
    <ClCompile Include="src\Layers\ImGuiLayer.cpp" />
    <ClCompile Include="Object.cpp" />
    <ClCompile Include="UID.cpp" />
    <ClCompile Include="src\Input\InputManager.cpp" />
    <ClCompile Include="src\Core\Math\Matrix3.cpp" />
    <ClCompile Include="src\Core\Math\Matrix4.cpp" />
    <ClCompile Include="src\Core\Math\Quaternion.cpp" />
    <ClCompile Include="src\Core\Math\Vector2.cpp" />
    <ClCompile Include="src\Core\Math\Vector3.cpp" />
    <ClCompile Include="src\Core\Math\Vector4.cpp" />
    <ClCompile Include="src\Core\Geometry\Plane.cpp" />
    <ClCompile Include="src\Core\DebugDraw.cpp" />
    <ClCompile Include="src\ECS\Component.cpp" />
    <ClCompile Include="src\ECS\Entity.cpp" />
    <ClCompile Include="src\ECS\Primitive.cpp" />
    <ClCompile Include="src\ECS\Transform.cpp" />
    <ClCompile Include="..\..\..\..\..\Downloads\Isetta-Engine-master\Isetta-Engine-master\Isetta\IsettaEngine\Scene\Level.cpp" />
    <ClCompile Include="..\..\..\..\..\Downloads\Isetta-Engine-master\Isetta-Engine-master\Isetta\IsettaEngine\Scene\LevelManager.cpp" />
    <ClCompile Include="src\Level\Level.cpp" />
    <ClCompile Include="src\Level\LevelManager.cpp" />
    <ClCompile Include="src\Core\Config\Config.cpp" />
    <ClCompile Include="src\Core\Config\CVar.cpp" />
  </ItemGroup>
  <ItemGroup>
    <None Include="ClassDiagram.cd" />
  </ItemGroup>
</Project>